
Microsoft Visual Studio Solution File, Format Version 12.00
# Visual Studio Version 16
VisualStudioVersion = 16.0.31515.178
MinimumVisualStudioVersion = 10.0.40219.1
Project("{9A19103F-16F7-4668-BE54-9A1E7A4F7556}") = "Mask.Host", "Mask.Host\Mask.Host\Mask.Host.csproj", "{E880938A-ED13-4F72-AB4E-6D3338F30AF5}"
EndProject
Project("{2150E333-8FDC-42A3-9474-1A3956D46DE8}") = "Mask", "Mask", "{D66DF451-7385-4CEF-95E6-4865AF2DDF13}"
EndProject
Project("{2150E333-8FDC-42A3-9474-1A3956D46DE8}") = "Domain", "Domain", "{EBDD6A85-027D-4473-865D-C71C04D5290E}"
EndProject
Project("{9A19103F-16F7-4668-BE54-9A1E7A4F7556}") = "MJ.Domain.Mask.Shared", "Services\Mask\Domain\MJ.Domain.Mask.Shared\MJ.Domain.Mask.Shared.csproj", "{77DF9FC4-75CC-4310-BE16-DDA8B09AC0E7}"
EndProject
Project("{9A19103F-16F7-4668-BE54-9A1E7A4F7556}") = "MJ.Domain.Mask.Interface", "Services\Mask\Domain\MJ.Domain.Mask.Interface\MJ.Domain.Mask.Interface.csproj", "{9ED0749E-22F6-469D-BA1F-324F0A604C6B}"
EndProject
Project("{9A19103F-16F7-4668-BE54-9A1E7A4F7556}") = "MJ.Domain.Mask.Implement", "Services\Mask\Domain\MJ.Domain.Mask.Implement\MJ.Domain.Mask.Implement.csproj", "{2446EFE5-D508-45ED-B71F-52A1576B7936}"
EndProject
Project("{2150E333-8FDC-42A3-9474-1A3956D46DE8}") = "DomainService", "DomainService", "{B2A3384E-EC04-4D1D-A9B2-194103EE84F9}"
EndProject
Project("{9A19103F-16F7-4668-BE54-9A1E7A4F7556}") = "MJ.DomainService.Mask.DTO", "Services\Mask\DomainService\MJ.DomainService.Mask.DTO\MJ.DomainService.Mask.DTO.csproj", "{B4C47636-3539-4C72-B275-AF06A382D008}"
EndProject
Project("{9A19103F-16F7-4668-BE54-9A1E7A4F7556}") = "MJ.DomainService.Mask.Interface", "Services\Mask\DomainService\MJ.DomainService.Mask.Interface\MJ.DomainService.Mask.Interface.csproj", "{EBA014F0-EBA9-45AE-B3F3-C34756B0E819}"
EndProject
Project("{9A19103F-16F7-4668-BE54-9A1E7A4F7556}") = "MJ.DomainService.Mask.Implement", "Services\Mask\DomainService\MJ.DomainService.Mask.Implement\MJ.DomainService.Mask.Implement.csproj", "{8BE67608-96F1-4159-B430-32F6E9C1F27E}"
EndProject
Project("{2150E333-8FDC-42A3-9474-1A3956D46DE8}") = "QueryService", "QueryService", "{03467237-FD0A-4487-9C55-B8E39331D469}"
EndProject
Project("{9A19103F-16F7-4668-BE54-9A1E7A4F7556}") = "MJ.QueryService.Mask.DTO", "Services\Mask\QueryService\MJ.QueryService.Mask.DTO\MJ.QueryService.Mask.DTO.csproj", "{92A364D3-AA10-4241-ABC6-FCBF3585774F}"
EndProject
Project("{9A19103F-16F7-4668-BE54-9A1E7A4F7556}") = "MJ.QueryService.Mask.Interface", "Services\Mask\QueryService\MJ.QueryService.Mask.Interface\MJ.QueryService.Mask.Interface.csproj", "{CE0CAF3E-9C56-4D23-9C94-F1AEC2951B15}"
EndProject
Project("{9A19103F-16F7-4668-BE54-9A1E7A4F7556}") = "MJ.QueryService.Mask.Implement", "Services\Mask\QueryService\MJ.QueryService.Mask.Implement\MJ.QueryService.Mask.Implement.csproj", "{F224667A-FFCA-45B3-8C3F-5730E450EF4D}"
EndProject
Project("{2150E333-8FDC-42A3-9474-1A3956D46DE8}") = "UnitTest", "UnitTest", "{089A91AD-8B5D-49ED-9235-4B4E8A628354}"
EndProject
Project("{9A19103F-16F7-4668-BE54-9A1E7A4F7556}") = "MJ.Mask.Implement.Test", "Services\Mask\UnitTest\MJ.Mask.Implement.Test\MJ.Mask.Implement.Test.csproj", "{177AE1F8-76C5-4B96-842C-802B3BAE373E}"
EndProject
Project("{2150E333-8FDC-42A3-9474-1A3956D46DE8}") = "02 Services", "02 Services", "{041D8286-F9AB-40D2-BFD1-72F6AB30EC31}"
EndProject
Project("{2150E333-8FDC-42A3-9474-1A3956D46DE8}") = "Tool", "Tool", "{A1AF52B7-9C5D-402A-A038-25C9EB3BE0F3}"
EndProject
Project("{9A19103F-16F7-4668-BE54-9A1E7A4F7556}") = "MJ.Service.Tool.DTO", "Services\Tool\MJ.Service.Tool.DTO\MJ.Service.Tool.DTO.csproj", "{276D81C1-7BF0-4890-9096-09FEDDF01A11}"
EndProject
Project("{9A19103F-16F7-4668-BE54-9A1E7A4F7556}") = "MJ.Service.Tool.Interface", "Services\Tool\MJ.Service.Tool.Interface\MJ.Service.Tool.Interface.csproj", "{4324DD0E-BE4E-4046-B3D1-67F9589DB2CA}"
EndProject
Project("{9A19103F-16F7-4668-BE54-9A1E7A4F7556}") = "MJ.Service.Tool.Implement", "Services\Tool\MJ.Service.Tool.Implement\MJ.Service.Tool.Implement.csproj", "{DF5B7CA4-D1E1-4EFC-9CA4-B3341DCF0EEF}"
EndProject
Project("{2150E333-8FDC-42A3-9474-1A3956D46DE8}") = "01 Infrastructure", "01 Infrastructure", "{2D3E14A4-9265-4F35-BE2A-F71FFD8892A5}"
EndProject
Project("{2150E333-8FDC-42A3-9474-1A3956D46DE8}") = "OrleansTrans", "OrleansTrans", "{F621FAAC-BEC7-4A73-A0A4-29B806C15636}"
EndProject
Project("{9A19103F-16F7-4668-BE54-9A1E7A4F7556}") = "Orleans.Transaction.PostgreSQLTransactionProvider", "Infrastructure\OrleanTransaction\Orleans.Transaction.PostgreSQLTransactionProvider\Orleans.Transaction.PostgreSQLTransactionProvider.csproj", "{6CC98523-51CB-4B4B-AEE5-8F143A9FBF2B}"
EndProject
Project("{9A19103F-16F7-4668-BE54-9A1E7A4F7556}") = "Orleans.Transaction.MemoryTransactionProvider", "Infrastructure\OrleanTransaction\Orleans.Transaction.MemoryTransactionProvider\Orleans.Transaction.MemoryTransactionProvider.csproj", "{755ECE61-F3B1-48A2-A7A9-79F8CE286B03}"
EndProject
Project("{9A19103F-16F7-4668-BE54-9A1E7A4F7556}") = "MJUSS.Infrastructure.Core", "Infrastructure\MJUSS.Infrastructure.Core\MJUSS.Infrastructure.Core.csproj", "{16BE1302-EB29-4F49-8DB9-7E26348AA1E9}"
EndProject
Project("{9A19103F-16F7-4668-BE54-9A1E7A4F7556}") = "MJUSS.Infrastructure.Utils", "Infrastructure\MJUSS.Infrastructure.Utils\MJUSS.Infrastructure.Utils.csproj", "{34416E23-AC1C-40E2-BFB5-9F43B1679530}"
EndProject
Project("{2150E333-8FDC-42A3-9474-1A3956D46DE8}") = "03 Application", "03 Application", "{61D6713D-9E90-4DDF-ABA1-7B90456D4690}"
EndProject
Project("{FAE04EC0-301F-11D3-BF4B-00C04F79EFBC}") = "Mask.AppSvr.DTO", "AppSvr\Mask.AppSvr.DTO\Mask.AppSvr.DTO.csproj", "{78B2F70D-9CDD-4632-A5D9-C70DB8E985F2}"
EndProject
Project("{FAE04EC0-301F-11D3-BF4B-00C04F79EFBC}") = "Mask.AppSvr.Interface", "AppSvr\Mask.AppSvr.Interface\Mask.AppSvr.Interface.csproj", "{F70ACAB4-E5DF-411F-876D-48B6B1C8493D}"
EndProject
Project("{FAE04EC0-301F-11D3-BF4B-00C04F79EFBC}") = "Mask.AppSvr.Implement", "AppSvr\Mask.AppSvr.Implement\Mask.AppSvr.Implement.csproj", "{55DA6482-490D-40DF-AB40-4C617CAEF1FF}"
EndProject
Global
	GlobalSection(SolutionConfigurationPlatforms) = preSolution
		Debug|Any CPU = Debug|Any CPU
		Release|Any CPU = Release|Any CPU
	EndGlobalSection
	GlobalSection(ProjectConfigurationPlatforms) = postSolution
		{E880938A-ED13-4F72-AB4E-6D3338F30AF5}.Debug|Any CPU.ActiveCfg = Debug|Any CPU
		{E880938A-ED13-4F72-AB4E-6D3338F30AF5}.Debug|Any CPU.Build.0 = Debug|Any CPU
		{E880938A-ED13-4F72-AB4E-6D3338F30AF5}.Release|Any CPU.ActiveCfg = Release|Any CPU
		{E880938A-ED13-4F72-AB4E-6D3338F30AF5}.Release|Any CPU.Build.0 = Release|Any CPU
		{77DF9FC4-75CC-4310-BE16-DDA8B09AC0E7}.Debug|Any CPU.ActiveCfg = Debug|Any CPU
		{77DF9FC4-75CC-4310-BE16-DDA8B09AC0E7}.Debug|Any CPU.Build.0 = Debug|Any CPU
		{77DF9FC4-75CC-4310-BE16-DDA8B09AC0E7}.Release|Any CPU.ActiveCfg = Release|Any CPU
		{77DF9FC4-75CC-4310-BE16-DDA8B09AC0E7}.Release|Any CPU.Build.0 = Release|Any CPU
		{9ED0749E-22F6-469D-BA1F-324F0A604C6B}.Debug|Any CPU.ActiveCfg = Debug|Any CPU
		{9ED0749E-22F6-469D-BA1F-324F0A604C6B}.Debug|Any CPU.Build.0 = Debug|Any CPU
		{9ED0749E-22F6-469D-BA1F-324F0A604C6B}.Release|Any CPU.ActiveCfg = Release|Any CPU
		{9ED0749E-22F6-469D-BA1F-324F0A604C6B}.Release|Any CPU.Build.0 = Release|Any CPU
		{2446EFE5-D508-45ED-B71F-52A1576B7936}.Debug|Any CPU.ActiveCfg = Debug|Any CPU
		{2446EFE5-D508-45ED-B71F-52A1576B7936}.Debug|Any CPU.Build.0 = Debug|Any CPU
		{2446EFE5-D508-45ED-B71F-52A1576B7936}.Release|Any CPU.ActiveCfg = Release|Any CPU
		{2446EFE5-D508-45ED-B71F-52A1576B7936}.Release|Any CPU.Build.0 = Release|Any CPU
		{B4C47636-3539-4C72-B275-AF06A382D008}.Debug|Any CPU.ActiveCfg = Debug|Any CPU
		{B4C47636-3539-4C72-B275-AF06A382D008}.Debug|Any CPU.Build.0 = Debug|Any CPU
		{B4C47636-3539-4C72-B275-AF06A382D008}.Release|Any CPU.ActiveCfg = Release|Any CPU
		{B4C47636-3539-4C72-B275-AF06A382D008}.Release|Any CPU.Build.0 = Release|Any CPU
		{EBA014F0-EBA9-45AE-B3F3-C34756B0E819}.Debug|Any CPU.ActiveCfg = Debug|Any CPU
		{EBA014F0-EBA9-45AE-B3F3-C34756B0E819}.Debug|Any CPU.Build.0 = Debug|Any CPU
		{EBA014F0-EBA9-45AE-B3F3-C34756B0E819}.Release|Any CPU.ActiveCfg = Release|Any CPU
		{EBA014F0-EBA9-45AE-B3F3-C34756B0E819}.Release|Any CPU.Build.0 = Release|Any CPU
		{8BE67608-96F1-4159-B430-32F6E9C1F27E}.Debug|Any CPU.ActiveCfg = Debug|Any CPU
		{8BE67608-96F1-4159-B430-32F6E9C1F27E}.Debug|Any CPU.Build.0 = Debug|Any CPU
		{8BE67608-96F1-4159-B430-32F6E9C1F27E}.Release|Any CPU.ActiveCfg = Release|Any CPU
		{8BE67608-96F1-4159-B430-32F6E9C1F27E}.Release|Any CPU.Build.0 = Release|Any CPU
		{92A364D3-AA10-4241-ABC6-FCBF3585774F}.Debug|Any CPU.ActiveCfg = Debug|Any CPU
		{92A364D3-AA10-4241-ABC6-FCBF3585774F}.Debug|Any CPU.Build.0 = Debug|Any CPU
		{92A364D3-AA10-4241-ABC6-FCBF3585774F}.Release|Any CPU.ActiveCfg = Release|Any CPU
		{92A364D3-AA10-4241-ABC6-FCBF3585774F}.Release|Any CPU.Build.0 = Release|Any CPU
		{CE0CAF3E-9C56-4D23-9C94-F1AEC2951B15}.Debug|Any CPU.ActiveCfg = Debug|Any CPU
		{CE0CAF3E-9C56-4D23-9C94-F1AEC2951B15}.Debug|Any CPU.Build.0 = Debug|Any CPU
		{CE0CAF3E-9C56-4D23-9C94-F1AEC2951B15}.Release|Any CPU.ActiveCfg = Release|Any CPU
		{CE0CAF3E-9C56-4D23-9C94-F1AEC2951B15}.Release|Any CPU.Build.0 = Release|Any CPU
		{F224667A-FFCA-45B3-8C3F-5730E450EF4D}.Debug|Any CPU.ActiveCfg = Debug|Any CPU
		{F224667A-FFCA-45B3-8C3F-5730E450EF4D}.Debug|Any CPU.Build.0 = Debug|Any CPU
		{F224667A-FFCA-45B3-8C3F-5730E450EF4D}.Release|Any CPU.ActiveCfg = Release|Any CPU
		{F224667A-FFCA-45B3-8C3F-5730E450EF4D}.Release|Any CPU.Build.0 = Release|Any CPU
		{177AE1F8-76C5-4B96-842C-802B3BAE373E}.Debug|Any CPU.ActiveCfg = Debug|Any CPU
		{177AE1F8-76C5-4B96-842C-802B3BAE373E}.Debug|Any CPU.Build.0 = Debug|Any CPU
		{177AE1F8-76C5-4B96-842C-802B3BAE373E}.Release|Any CPU.ActiveCfg = Release|Any CPU
		{177AE1F8-76C5-4B96-842C-802B3BAE373E}.Release|Any CPU.Build.0 = Release|Any CPU
		{276D81C1-7BF0-4890-9096-09FEDDF01A11}.Debug|Any CPU.ActiveCfg = Debug|Any CPU
		{276D81C1-7BF0-4890-9096-09FEDDF01A11}.Debug|Any CPU.Build.0 = Debug|Any CPU
		{276D81C1-7BF0-4890-9096-09FEDDF01A11}.Release|Any CPU.ActiveCfg = Release|Any CPU
		{276D81C1-7BF0-4890-9096-09FEDDF01A11}.Release|Any CPU.Build.0 = Release|Any CPU
		{4324DD0E-BE4E-4046-B3D1-67F9589DB2CA}.Debug|Any CPU.ActiveCfg = Debug|Any CPU
		{4324DD0E-BE4E-4046-B3D1-67F9589DB2CA}.Debug|Any CPU.Build.0 = Debug|Any CPU
		{4324DD0E-BE4E-4046-B3D1-67F9589DB2CA}.Release|Any CPU.ActiveCfg = Release|Any CPU
		{4324DD0E-BE4E-4046-B3D1-67F9589DB2CA}.Release|Any CPU.Build.0 = Release|Any CPU
		{DF5B7CA4-D1E1-4EFC-9CA4-B3341DCF0EEF}.Debug|Any CPU.ActiveCfg = Debug|Any CPU
		{DF5B7CA4-D1E1-4EFC-9CA4-B3341DCF0EEF}.Debug|Any CPU.Build.0 = Debug|Any CPU
		{DF5B7CA4-D1E1-4EFC-9CA4-B3341DCF0EEF}.Release|Any CPU.ActiveCfg = Release|Any CPU
		{DF5B7CA4-D1E1-4EFC-9CA4-B3341DCF0EEF}.Release|Any CPU.Build.0 = Release|Any CPU
		{6CC98523-51CB-4B4B-AEE5-8F143A9FBF2B}.Debug|Any CPU.ActiveCfg = Debug|Any CPU
		{6CC98523-51CB-4B4B-AEE5-8F143A9FBF2B}.Debug|Any CPU.Build.0 = Debug|Any CPU
		{6CC98523-51CB-4B4B-AEE5-8F143A9FBF2B}.Release|Any CPU.ActiveCfg = Release|Any CPU
		{6CC98523-51CB-4B4B-AEE5-8F143A9FBF2B}.Release|Any CPU.Build.0 = Release|Any CPU
		{755ECE61-F3B1-48A2-A7A9-79F8CE286B03}.Debug|Any CPU.ActiveCfg = Debug|Any CPU
		{755ECE61-F3B1-48A2-A7A9-79F8CE286B03}.Debug|Any CPU.Build.0 = Debug|Any CPU
		{755ECE61-F3B1-48A2-A7A9-79F8CE286B03}.Release|Any CPU.ActiveCfg = Release|Any CPU
		{755ECE61-F3B1-48A2-A7A9-79F8CE286B03}.Release|Any CPU.Build.0 = Release|Any CPU
		{16BE1302-EB29-4F49-8DB9-7E26348AA1E9}.Debug|Any CPU.ActiveCfg = Debug|Any CPU
		{16BE1302-EB29-4F49-8DB9-7E26348AA1E9}.Debug|Any CPU.Build.0 = Debug|Any CPU
		{16BE1302-EB29-4F49-8DB9-7E26348AA1E9}.Release|Any CPU.ActiveCfg = Release|Any CPU
		{16BE1302-EB29-4F49-8DB9-7E26348AA1E9}.Release|Any CPU.Build.0 = Release|Any CPU
		{34416E23-AC1C-40E2-BFB5-9F43B1679530}.Debug|Any CPU.ActiveCfg = Debug|Any CPU
		{34416E23-AC1C-40E2-BFB5-9F43B1679530}.Debug|Any CPU.Build.0 = Debug|Any CPU
		{34416E23-AC1C-40E2-BFB5-9F43B1679530}.Release|Any CPU.ActiveCfg = Release|Any CPU
		{34416E23-AC1C-40E2-BFB5-9F43B1679530}.Release|Any CPU.Build.0 = Release|Any CPU
		{78B2F70D-9CDD-4632-A5D9-C70DB8E985F2}.Debug|Any CPU.ActiveCfg = Debug|Any CPU
		{78B2F70D-9CDD-4632-A5D9-C70DB8E985F2}.Debug|Any CPU.Build.0 = Debug|Any CPU
		{78B2F70D-9CDD-4632-A5D9-C70DB8E985F2}.Release|Any CPU.ActiveCfg = Release|Any CPU
		{78B2F70D-9CDD-4632-A5D9-C70DB8E985F2}.Release|Any CPU.Build.0 = Release|Any CPU
		{F70ACAB4-E5DF-411F-876D-48B6B1C8493D}.Debug|Any CPU.ActiveCfg = Debug|Any CPU
		{F70ACAB4-E5DF-411F-876D-48B6B1C8493D}.Debug|Any CPU.Build.0 = Debug|Any CPU
		{F70ACAB4-E5DF-411F-876D-48B6B1C8493D}.Release|Any CPU.ActiveCfg = Release|Any CPU
		{F70ACAB4-E5DF-411F-876D-48B6B1C8493D}.Release|Any CPU.Build.0 = Release|Any CPU
		{55DA6482-490D-40DF-AB40-4C617CAEF1FF}.Debug|Any CPU.ActiveCfg = Debug|Any CPU
		{55DA6482-490D-40DF-AB40-4C617CAEF1FF}.Debug|Any CPU.Build.0 = Debug|Any CPU
		{55DA6482-490D-40DF-AB40-4C617CAEF1FF}.Release|Any CPU.ActiveCfg = Release|Any CPU
		{55DA6482-490D-40DF-AB40-4C617CAEF1FF}.Release|Any CPU.Build.0 = Release|Any CPU
	EndGlobalSection
	GlobalSection(SolutionProperties) = preSolution
		HideSolutionNode = FALSE
	EndGlobalSection
	GlobalSection(NestedProjects) = preSolution
		{D66DF451-7385-4CEF-95E6-4865AF2DDF13} = {041D8286-F9AB-40D2-BFD1-72F6AB30EC31}
		{EBDD6A85-027D-4473-865D-C71C04D5290E} = {D66DF451-7385-4CEF-95E6-4865AF2DDF13}
		{77DF9FC4-75CC-4310-BE16-DDA8B09AC0E7} = {EBDD6A85-027D-4473-865D-C71C04D5290E}
		{9ED0749E-22F6-469D-BA1F-324F0A604C6B} = {EBDD6A85-027D-4473-865D-C71C04D5290E}
		{2446EFE5-D508-45ED-B71F-52A1576B7936} = {EBDD6A85-027D-4473-865D-C71C04D5290E}
		{B2A3384E-EC04-4D1D-A9B2-194103EE84F9} = {D66DF451-7385-4CEF-95E6-4865AF2DDF13}
		{B4C47636-3539-4C72-B275-AF06A382D008} = {B2A3384E-EC04-4D1D-A9B2-194103EE84F9}
		{EBA014F0-EBA9-45AE-B3F3-C34756B0E819} = {B2A3384E-EC04-4D1D-A9B2-194103EE84F9}
		{8BE67608-96F1-4159-B430-32F6E9C1F27E} = {B2A3384E-EC04-4D1D-A9B2-194103EE84F9}
		{03467237-FD0A-4487-9C55-B8E39331D469} = {D66DF451-7385-4CEF-95E6-4865AF2DDF13}
		{92A364D3-AA10-4241-ABC6-FCBF3585774F} = {03467237-FD0A-4487-9C55-B8E39331D469}
		{CE0CAF3E-9C56-4D23-9C94-F1AEC2951B15} = {03467237-FD0A-4487-9C55-B8E39331D469}
		{F224667A-FFCA-45B3-8C3F-5730E450EF4D} = {03467237-FD0A-4487-9C55-B8E39331D469}
		{089A91AD-8B5D-49ED-9235-4B4E8A628354} = {D66DF451-7385-4CEF-95E6-4865AF2DDF13}
		{177AE1F8-76C5-4B96-842C-802B3BAE373E} = {089A91AD-8B5D-49ED-9235-4B4E8A628354}
		{A1AF52B7-9C5D-402A-A038-25C9EB3BE0F3} = {041D8286-F9AB-40D2-BFD1-72F6AB30EC31}
		{276D81C1-7BF0-4890-9096-09FEDDF01A11} = {A1AF52B7-9C5D-402A-A038-25C9EB3BE0F3}
		{4324DD0E-BE4E-4046-B3D1-67F9589DB2CA} = {A1AF52B7-9C5D-402A-A038-25C9EB3BE0F3}
		{DF5B7CA4-D1E1-4EFC-9CA4-B3341DCF0EEF} = {A1AF52B7-9C5D-402A-A038-25C9EB3BE0F3}
		{F621FAAC-BEC7-4A73-A0A4-29B806C15636} = {2D3E14A4-9265-4F35-BE2A-F71FFD8892A5}
		{6CC98523-51CB-4B4B-AEE5-8F143A9FBF2B} = {F621FAAC-BEC7-4A73-A0A4-29B806C15636}
		{755ECE61-F3B1-48A2-A7A9-79F8CE286B03} = {F621FAAC-BEC7-4A73-A0A4-29B806C15636}
		{16BE1302-EB29-4F49-8DB9-7E26348AA1E9} = {2D3E14A4-9265-4F35-BE2A-F71FFD8892A5}
		{34416E23-AC1C-40E2-BFB5-9F43B1679530} = {2D3E14A4-9265-4F35-BE2A-F71FFD8892A5}
		{78B2F70D-9CDD-4632-A5D9-C70DB8E985F2} = {61D6713D-9E90-4DDF-ABA1-7B90456D4690}
		{F70ACAB4-E5DF-411F-876D-48B6B1C8493D} = {61D6713D-9E90-4DDF-ABA1-7B90456D4690}
		{55DA6482-490D-40DF-AB40-4C617CAEF1FF} = {61D6713D-9E90-4DDF-ABA1-7B90456D4690}
	EndGlobalSection
	GlobalSection(ExtensibilityGlobals) = postSolution
		SolutionGuid = {3957A6E6-15F6-4995-BCB7-8254D0C9583D}
	EndGlobalSection
EndGlobal
