
Microsoft Visual Studio Solution File, Format Version 12.00
# Visual Studio Version 17
VisualStudioVersion = 17.6.33927.249
MinimumVisualStudioVersion = 10.0.40219.1
Project("{9A19103F-16F7-4668-BE54-9A1E7A4F7556}") = "MJThirdParty.Debug", "MJThirdParty.Debug\MJThirdParty.Debug.csproj", "{38363275-C7BB-4EEA-9DCB-4F9620762D54}"
EndProject
Project("{2150E333-8FDC-42A3-9474-1A3956D46DE8}") = "Source", "Source", "{B1B4B3D1-EBEB-4932-95E2-2CC2C68B0A7B}"
EndProject
Project("{2150E333-8FDC-42A3-9474-1A3956D46DE8}") = "Payment", "Payment", "{407AA24C-DBBC-4927-9D60-D67379E7CE85}"
EndProject
Project("{9A19103F-16F7-4668-BE54-9A1E7A4F7556}") = "MJ.Payment.Core", "C:\WorkSpace\MJYXT\NetworkClient\ThirdParty\Payment\MJ.Payment.Core\MJ.Payment.Core.csproj", "{84F02BEB-B84C-48EA-A3A9-B83E7339C958}"
EndProject
Project("{9A19103F-16F7-4668-BE54-9A1E7A4F7556}") = "MJ.Payment.Imp.HuiLaiDian", "C:\WorkSpace\MJYXT\NetworkClient\ThirdParty\Payment\Implement\MJ.Payment.Imp.HuiLaiDian\MJ.Payment.Imp.HuiLaiDian.csproj", "{C16DADFB-9A58-4D47-A822-283973CFF313}"
EndProject
Project("{9A19103F-16F7-4668-BE54-9A1E7A4F7556}") = "MJ.Payment.Imp.AllInPay", "C:\WorkSpace\MJYXT\NetworkClient\ThirdParty\Payment\Implement\MJ.Payment.Imp.AllInPay\MJ.Payment.Imp.AllInPay.csproj", "{2618BD55-76D5-426B-B6F1-92A348B1732E}"
EndProject
Project("{9A19103F-16F7-4668-BE54-9A1E7A4F7556}") = "MJSaas.ThirdParty.SmartSpeaker.XinBoRui", "G:\workspace\MJSaas\Services\SmartPlug\MJSaas.ThirdParty.SmartSpeaker.XinBoRui\MJSaas.ThirdParty.SmartSpeaker.XinBoRui.csproj", "{17779EB1-C43B-4294-8AEF-986A45598273}"
EndProject
Global
	GlobalSection(SolutionConfigurationPlatforms) = preSolution
		Debug|Any CPU = Debug|Any CPU
		Release|Any CPU = Release|Any CPU
	EndGlobalSection
	GlobalSection(ProjectConfigurationPlatforms) = postSolution
		{38363275-C7BB-4EEA-9DCB-4F9620762D54}.Debug|Any CPU.ActiveCfg = Debug|Any CPU
		{38363275-C7BB-4EEA-9DCB-4F9620762D54}.Debug|Any CPU.Build.0 = Debug|Any CPU
		{38363275-C7BB-4EEA-9DCB-4F9620762D54}.Release|Any CPU.ActiveCfg = Release|Any CPU
		{38363275-C7BB-4EEA-9DCB-4F9620762D54}.Release|Any CPU.Build.0 = Release|Any CPU
		{84F02BEB-B84C-48EA-A3A9-B83E7339C958}.Debug|Any CPU.ActiveCfg = Debug|Any CPU
		{84F02BEB-B84C-48EA-A3A9-B83E7339C958}.Debug|Any CPU.Build.0 = Debug|Any CPU
		{84F02BEB-B84C-48EA-A3A9-B83E7339C958}.Release|Any CPU.ActiveCfg = Release|Any CPU
		{84F02BEB-B84C-48EA-A3A9-B83E7339C958}.Release|Any CPU.Build.0 = Release|Any CPU
		{C16DADFB-9A58-4D47-A822-283973CFF313}.Debug|Any CPU.ActiveCfg = Debug|Any CPU
		{C16DADFB-9A58-4D47-A822-283973CFF313}.Debug|Any CPU.Build.0 = Debug|Any CPU
		{C16DADFB-9A58-4D47-A822-283973CFF313}.Release|Any CPU.ActiveCfg = Release|Any CPU
		{C16DADFB-9A58-4D47-A822-283973CFF313}.Release|Any CPU.Build.0 = Release|Any CPU
		{2618BD55-76D5-426B-B6F1-92A348B1732E}.Debug|Any CPU.ActiveCfg = Debug|Any CPU
		{2618BD55-76D5-426B-B6F1-92A348B1732E}.Debug|Any CPU.Build.0 = Debug|Any CPU
		{2618BD55-76D5-426B-B6F1-92A348B1732E}.Release|Any CPU.ActiveCfg = Release|Any CPU
		{2618BD55-76D5-426B-B6F1-92A348B1732E}.Release|Any CPU.Build.0 = Release|Any CPU
		{17779EB1-C43B-4294-8AEF-986A45598273}.Debug|Any CPU.ActiveCfg = Debug|Any CPU
		{17779EB1-C43B-4294-8AEF-986A45598273}.Debug|Any CPU.Build.0 = Debug|Any CPU
		{17779EB1-C43B-4294-8AEF-986A45598273}.Release|Any CPU.ActiveCfg = Release|Any CPU
		{17779EB1-C43B-4294-8AEF-986A45598273}.Release|Any CPU.Build.0 = Release|Any CPU
	EndGlobalSection
	GlobalSection(SolutionProperties) = preSolution
		HideSolutionNode = FALSE
	EndGlobalSection
	GlobalSection(NestedProjects) = preSolution
		{407AA24C-DBBC-4927-9D60-D67379E7CE85} = {B1B4B3D1-EBEB-4932-95E2-2CC2C68B0A7B}
		{84F02BEB-B84C-48EA-A3A9-B83E7339C958} = {407AA24C-DBBC-4927-9D60-D67379E7CE85}
		{C16DADFB-9A58-4D47-A822-283973CFF313} = {407AA24C-DBBC-4927-9D60-D67379E7CE85}
		{2618BD55-76D5-426B-B6F1-92A348B1732E} = {407AA24C-DBBC-4927-9D60-D67379E7CE85}
		{17779EB1-C43B-4294-8AEF-986A45598273} = {B1B4B3D1-EBEB-4932-95E2-2CC2C68B0A7B}
	EndGlobalSection
	GlobalSection(ExtensibilityGlobals) = postSolution
		SolutionGuid = {D71347D2-B360-4F7E-AD16-247251BCFD52}
	EndGlobalSection
EndGlobal
